dependencies:
- name: configserver
  repository: file://../../uaapscraper-services/configserver
  version: 0.1.0
- name: kubernetes-discovery-server
  repository: file://../../uaapscraper-services/kubernetes-discovery-server
  version: 0.1.0
- name: uaapscraper-common
  repository: file://../../uaapscraper-common
  version: 0.1.0
- name: uaapdatadb
  repository: file://../../uaapscraper-services/uaapdatadb
  version: 0.1.0
- name: uaapstatscraper
  repository: file://../../uaapscraper-services/uaapstatscraper
  version: 0.1.0
- name: uaapdatawebapp
  repository: file://../../uaapscraper-services/uaapdatawebapp
  version: 0.1.0
- name: uaapstatsdata
  repository: file://../../uaapscraper-services/uaapstatsdata
  version: 0.1.0
digest: sha256:244a3989c70f1b560e43588a4a2e363936c865bfb46b48a1caa903a0e5e0ce8d
generated: "2024-11-28T21:49:21.3687648+08:00"
